{
  "name": "reba-test",
  "version": "1.0.0",
  "lockfileVersion": 1,
  "requires": true,
  "dependencies": {
    "reba-cli": {
      "version": "file:../reba-cli",
      "requires": {
        "commander": "^5.1.0",
        "reba-core": "^1.0.1"
      }
    },
    "reba-core": {
      "version": "1.0.1",
      "resolved": "https://registry.npmjs.org/reba-core/-/reba-core-1.0.1.tgz",
      "integrity": "sha512-C19F4DJr/FV4AX3lgaG7W75883oGrtfM5FAhAuTTwPHE6zUEggMB60HwUDqcC5zqh5U0HNUV7n1ukWcgpVMfYw==",
      "requires": {
        "reba-generator": "^1.0.0",
        "reba-lexical": "^1.0.0",
        "reba-parser": "^1.0.0",
        "reba-preset-env": "^1.0.0"
      }
    },
    "reba-generator": {
      "version": "1.0.5",
      "resolved": "https://registry.npmjs.org/reba-generator/-/reba-generator-1.0.5.tgz",
      "integrity": "sha512-QmHmN3+WdwsexEc9cUX6HLaJ+1xWRq+NVQ0M5eKzl2UUh1MM3+3CgUtlmKR0V+DQWROsyxlz5QRNx6o9WvcYVg==",
      "requires": {
        "reba-parser": "^1.0.0",
        "reba-parser-tools": "^1.0.0",
        "reba-tools": "^1.0.0",
        "reba-traverser": "^1.0.1"
      }
    },
    "reba-lexical": {
      "version": "1.0.0",
      "resolved": "https://registry.npmjs.org/reba-lexical/-/reba-lexical-1.0.0.tgz",
      "integrity": "sha512-5j4png8I054HTxZh1ZJhjx3gVgM1/za7eCKGuFMlAdfSpFhN0tZpAln+aC3vLQeGa8oAM6iiLYH5DEPoLKDkLA==",
      "requires": {
        "reba-tools": "^1.0.0",
        "reba-traverser": "^1.0.0"
      }
    },
    "reba-parser": {
      "version": "1.0.2",
      "resolved": "https://registry.npmjs.org/reba-parser/-/reba-parser-1.0.2.tgz",
      "integrity": "sha512-fGpVcOy7Rbh3VWdFU+pK0dF3EJdzGaj3aVsB4mzfwkZGRF2+It0cxEU5kose0bxtLtW2j8scMmNJAOzYYfdxUw==",
      "requires": {
        "reba-lexical": "^1.0.0",
        "reba-parser-tools": "^1.0.0",
        "reba-tools": "^1.0.0",
        "reba-traverser": "^1.0.0"
      }
    },
    "reba-parser-tools": {
      "version": "1.0.0",
      "resolved": "https://registry.npmjs.org/reba-parser-tools/-/reba-parser-tools-1.0.0.tgz",
      "integrity": "sha512-Ym8bcTrhzFSNdIQwe2NVMIYCT8++YbA3nHDHKY/QSkchep5BNuSloUyr1g5XK2HLkcJfsqvMXXjRw61sg22DXw=="
    },
    "reba-plugin-transform-arrow-functions": {
      "version": "1.0.0",
      "resolved": "https://registry.npmjs.org/reba-plugin-transform-arrow-functions/-/reba-plugin-transform-arrow-functions-1.0.0.tgz",
      "integrity": "sha512-g+o7qMMwEtD48UHzulTc+8jeFrLkrSxtlmsQZ0JS8rrBJ/bD8zux+11D0o0OoomArok6fe/ZkNLSQ78DMbmNRA==",
      "requires": {
        "reba-parser-tools": "^1.0.0"
      }
    },
    "reba-plugin-transform-variable-declaration": {
      "version": "1.0.1",
      "resolved": "https://registry.npmjs.org/reba-plugin-transform-variable-declaration/-/reba-plugin-transform-variable-declaration-1.0.1.tgz",
      "integrity": "sha512-cvV98CZ4tHPdZHm40DxgHf6f7p+sOZ/65Rp8bKdrqkUCrizzzYe1rJ/M5L4cKwUb8df4zdVpJaPmCO8o5+yRwA==",
      "requires": {
        "reba-parser-tools": "^1.0.0"
      }
    },
    "reba-preset-env": {
      "version": "1.0.5",
      "resolved": "https://registry.npmjs.org/reba-preset-env/-/reba-preset-env-1.0.5.tgz",
      "integrity": "sha512-8ehAcr14wYAvdsUQTuuLfxEwU0aijeokjv5oM0UXePAd0CW6AbKpTvbFX4Mcri5GhMs8KGQpd+LMdJeyTQRAhQ==",
      "requires": {
        "reba-parser-tools": "^1.0.0",
        "reba-plugin-transform-arrow-functions": "^1.0.0",
        "reba-plugin-transform-variable-declaration": "^1.0.0",
        "reba-traverser": "^1.0.1"
      }
    },
    "reba-tools": {
      "version": "1.0.0",
      "resolved": "https://registry.npmjs.org/reba-tools/-/reba-tools-1.0.0.tgz",
      "integrity": "sha512-s6NvfASkxv8yyG6zhRIh6rpnewRwq8y5aOzfy4P7NI2DD4ww9VUo6xPtKvG6s1+gmr2hBe3QF1VBcod5KgLOuA==",
      "requires": {
        "reba-traverser": "^1.0.0"
      }
    },
    "reba-traverser": {
      "version": "1.0.1",
      "resolved": "https://registry.npmjs.org/reba-traverser/-/reba-traverser-1.0.1.tgz",
      "integrity": "sha512-ACNp+1g952feK/esJhGTd78S0xi3co979dNzSf8pN04DzFzeWWyoivIwFHVfAH/qXCv6ysAsAMXY3t9dDL3Mdg=="
    }
  }
}
