{
  "name": "reba-lexical",
  "version": "1.0.0",
  "lockfileVersion": 1,
  "requires": true,
  "dependencies": {
    "reba-tools": {
      "version": "file:../reba-tools",
      "requires": {
        "reba-traverser": "file:../reba-traverser"
      }
    },
    "reba-traverser": {
      "version": "file:../reba-traverser",
      "requires": {
        "reba-parser-tools": "file:../reba-parser-tools"
      }
    }
  }
}
