{
  "name": "reba-generator",
  "version": "1.0.1",
  "lockfileVersion": 1,
  "requires": true,
  "dependencies": {
    "reba-lexical": {
      "version": "1.0.0",
      "resolved": "https://registry.npmjs.org/reba-lexical/-/reba-lexical-1.0.0.tgz",
      "integrity": "sha512-5j4png8I054HTxZh1ZJhjx3gVgM1/za7eCKGuFMlAdfSpFhN0tZpAln+aC3vLQeGa8oAM6iiLYH5DEPoLKDkLA==",
      "requires": {
        "reba-tools": "^1.0.0",
        "reba-traverser": "^1.0.0"
      }
    },
    "reba-parser": {
      "version": "1.0.0",
      "resolved": "https://registry.npmjs.org/reba-parser/-/reba-parser-1.0.0.tgz",
      "integrity": "sha512-vXNAuYjhACpMqdFqihLIwolRcAlE7UscHoTQyc4FsVtpyiIcSAgHbWUxVXcgfC+uBDLSe37SRXPoxht9QHbGuA==",
      "requires": {
        "reba-lexical": "^1.0.0",
        "reba-parser-tools": "^1.0.0",
        "reba-tools": "^1.0.0",
        "reba-traverser": "^1.0.0"
      }
    },
    "reba-parser-tools": {
      "version": "1.0.0",
      "resolved": "https://registry.npmjs.org/reba-parser-tools/-/reba-parser-tools-1.0.0.tgz",
      "integrity": "sha512-Ym8bcTrhzFSNdIQwe2NVMIYCT8++YbA3nHDHKY/QSkchep5BNuSloUyr1g5XK2HLkcJfsqvMXXjRw61sg22DXw=="
    },
    "reba-tools": {
      "version": "1.0.0",
      "resolved": "https://registry.npmjs.org/reba-tools/-/reba-tools-1.0.0.tgz",
      "integrity": "sha512-s6NvfASkxv8yyG6zhRIh6rpnewRwq8y5aOzfy4P7NI2DD4ww9VUo6xPtKvG6s1+gmr2hBe3QF1VBcod5KgLOuA==",
      "requires": {
        "reba-traverser": "^1.0.0"
      }
    },
    "reba-traverser": {
      "version": "1.0.1",
      "resolved": "https://registry.npmjs.org/reba-traverser/-/reba-traverser-1.0.1.tgz",
      "integrity": "sha512-ACNp+1g952feK/esJhGTd78S0xi3co979dNzSf8pN04DzFzeWWyoivIwFHVfAH/qXCv6ysAsAMXY3t9dDL3Mdg=="
    }
  }
}
