{
  "name": "reba-generator",
  "version": "1.0.0",
  "lockfileVersion": 1,
  "requires": true,
  "dependencies": {
    "reba-parser": {
      "version": "file:../reba-parser",
      "requires": {
        "reba-lexical": "file:../reba-lexical",
        "reba-parser-tools": "file:../reba-parser-tools",
        "reba-tools": "file:../reba-tools",
        "reba-traverser": "file:../reba-traverser"
      }
    },
    "reba-parser-tools": {
      "version": "file:../reba-parser-tools"
    },
    "reba-tools": {
      "version": "file:../reba-tools",
      "requires": {
        "reba-traverser": "file:../reba-traverser"
      }
    },
    "reba-traverser": {
      "version": "file:../reba-traverser",
      "requires": {
        "reba-parser-tools": "file:../reba-parser-tools"
      }
    }
  }
}
