{
  "name": "reba-parser",
  "version": "1.0.0",
  "lockfileVersion": 1,
  "requires": true,
  "dependencies": {
    "reba-lexical": {
      "version": "file:../reba-lexical",
      "requires": {
        "reba-tools": "file:../reba-tools"
      }
    },
    "reba-parser-tools": {
      "version": "file:../reba-parser-tools"
    },
    "reba-tools": {
      "version": "file:../reba-tools"
    }
  }
}
