{
  "name": "reba-preset-env",
  "version": "1.0.1",
  "lockfileVersion": 1,
  "requires": true,
  "dependencies": {
    "reba-parser-tools": {
      "version": "1.0.0",
      "resolved": "https://registry.npmjs.org/reba-parser-tools/-/reba-parser-tools-1.0.0.tgz",
      "integrity": "sha512-Ym8bcTrhzFSNdIQwe2NVMIYCT8++YbA3nHDHKY/QSkchep5BNuSloUyr1g5XK2HLkcJfsqvMXXjRw61sg22DXw=="
    },
    "reba-plugin-transform-arrow-functions": {
      "version": "1.0.0",
      "resolved": "https://registry.npmjs.org/reba-plugin-transform-arrow-functions/-/reba-plugin-transform-arrow-functions-1.0.0.tgz",
      "integrity": "sha512-g+o7qMMwEtD48UHzulTc+8jeFrLkrSxtlmsQZ0JS8rrBJ/bD8zux+11D0o0OoomArok6fe/ZkNLSQ78DMbmNRA==",
      "requires": {
        "reba-parser-tools": "^1.0.0"
      }
    },
    "reba-plugin-transform-variable-declaration": {
      "version": "1.0.0",
      "resolved": "https://registry.npmjs.org/reba-plugin-transform-variable-declaration/-/reba-plugin-transform-variable-declaration-1.0.0.tgz",
      "integrity": "sha512-Rrj5CsxakYxTA2nD+j6Sz1HyRzy3DB4gHp6t/XgHu1VKa2DMp3Fjzg+4FFQrj4DH53xGZwrk4kGZkaoVEfFX2w=="
    },
    "reba-traverser": {
      "version": "1.0.1",
      "resolved": "https://registry.npmjs.org/reba-traverser/-/reba-traverser-1.0.1.tgz",
      "integrity": "sha512-ACNp+1g952feK/esJhGTd78S0xi3co979dNzSf8pN04DzFzeWWyoivIwFHVfAH/qXCv6ysAsAMXY3t9dDL3Mdg=="
    }
  }
}
