{
  "name": "reba-core",
  "version": "1.0.0",
  "lockfileVersion": 1,
  "requires": true,
  "dependencies": {
    "reba-generator": {
      "version": "file:../reba-generator",
      "requires": {
        "reba-parser": "file:../reba-parser",
        "reba-parser-tools": "file:../reba-parser-tools",
        "reba-tools": "file:../reba-tools",
        "reba-traverser": "file:../reba-traverser"
      }
    },
    "reba-lexical": {
      "version": "file:../reba-lexical"
    },
    "reba-parser": {
      "version": "file:../reba-parser"
    },
    "reba-parser-tools": {
      "version": "file:../reba-parser-tools"
    },
    "reba-tools": {
      "version": "file:../reba-tools"
    },
    "reba-traverser": {
      "version": "file:../reba-traverser"
    }
  }
}
